github.com/BurntSushi/toml v1.4.1-0.20240526193622-a339e1f7089c h1:pxW6RcqyfI9/kWtOwnv/G+AzdKuy2ZrqINhenH4HyNs=
github.com/BurntSushi/toml v1.4.1-0.20240526193622-a339e1f7089c/go.mod h1:ukJfTF/6rtPPRCnwkur4qwRxa8vTRFBF0uk2lLoLwho=
github.com/beorn7/perks v1.0.1 h1:VlbKKnNfV8bJzeqoa4cOKqO6bYr3WgKZxO8Z16+hsOM=
github.com/beorn7/perks v1.0.1/go.mod h1:G2ZrVWU2WbWT9wwq4/hrbKbnv/1ERSJQ0ibhJ6rlkpw=
github.com/cespare/xxhash/v2 v2.3.0 h1:UL815xU9SqsFlibzuggzjXhog7bL6oX9BbNZnL2UFvs=
github.com/cespare/xxhash/v2 v2.3.0/go.mod h1:VGX0DQ3Q6kWi7AoAeZDth3/j3BFtOZR5XLFGgcrjCOs=
github.com/coreos/go-semver v0.3.1 h1:yi21YpKnrx1gt5R+la8n5WgS0kCrsPp33dmEyHReZr4=
github.com/coreos/go-semver v0.3.1/go.mod h1:irMmmIw/7yzSRPWryHsK7EYSg09caPQL03VsM8rvUec=
github.com/coreos/go-systemd/v22 v22.7.0 h1:LAEzFkke61DFROc7zNLX/WA2i5J8gYqe0rSj9KI28KA=
github.com/coreos/go-systemd/v22 v22.7.0/go.mod h1:xNUYtjHu2EDXbsxz1i41wouACIwT7Ybq9o0BQhMwD0w=
github.com/davecgh/go-spew v1.1.2-0.20180830191138-d8f796af33cc h1:U9qPSI2PIWSS1VwoXQT9A3Wy9MM3WgvqSxFWenqJduM=
github.com/davecgh/go-spew v1.1.2-0.20180830191138-d8f796af33cc/go.mod h1:J7Y8YcW2NihsgmVo/mv3lAwl/skON4iLHjSsI+c5H38=
github.com/go-logr/logr v1.4.3 h1:CjnDlHq8ikf6E492q6eKboGOC0T8CDaOvkHCIg8idEI=
github.com/go-logr/logr v1.4.3/go.mod h1:9T104GzyrTigFIr8wt5mBrctHMim0Nb2HLGrmQ40KvY=
github.com/go-logr/stdr v1.2.2 h1:hSWxHoqTgW2S2qGc0LTAI563KZ5YKYRhT3MFKZMbjag=
github.com/go-logr/stdr v1.2.2/go.mod h1:mMo/vtBO5dYbehREoey6XUKy/eSumjCCveDpRre4VKE=
github.com/golang/protobuf v1.5.4 h1:i7eJL8qZTpSEXOPTxNKhASYpMn+8e5Q6AdndVa1dWek=
github.com/golang/protobuf v1.5.4/go.mod h1:lnTiLA8Wa4RWRcIUkrtSVa5nRhsEGBg48fD6rSs7xps=
github.com/google/go-cmp v0.7.0 h1:wk8382ETsv4JYUZwIsn6YpYiWiBsYLSJiTsyBybVuN8=
github.com/google/go-cmp v0.7.0/go.mod h1:pXiqmnSA92OHEEa9HXL2W4E7lf9JzCmGVUdgjX3N/iU=
github.com/google/uuid v1.6.0 h1:NIvaJDMOsjHA8n1jAhLSgzrAzy1Hgr+hNrb57e+94F0=
github.com/google/uuid v1.6.0/go.mod h1:TIyPZe4MgqvfeYDBFedMoGGpEw/LqOeaOT+nhxU+yHo=
github.com/gorilla/websocket v1.5.3 h1:saDtZ6Pbx/0u+bgYQ3q96pZgCzfhKXGPqt7kZ72aNNg=
github.com/gorilla/websocket v1.5.3/go.mod h1:YR8l580nyteQvAITg2hZ9XVh4b55+EU/adAjf1fMHhE=
github.com/grpc-ecosystem/grpc-gateway/v2 v2.29.0 h1:5VipnvEpbqr2gA2VbM+nYVbkIF28c5ZQfqCBQ5g2xfk=
github.com/grpc-ecosystem/grpc-gateway/v2 v2.29.0/go.mod h1:Hyl3n6Twe1hvtd9XUXDec4pTvgMSEixRuQKPTMH2bNs=
github.com/klauspost/compress v1.19.1 h1:VsB4HPswih7mmZ8WleSFQ75c/Ui1M4trX5oAsJnhSlk=
github.com/klauspost/compress v1.19.1/go.mod h1:cwPg85FWrGar70rWktvGQj8/hthj3wpl0PGDogxkrSQ=
github.com/kr/pretty v0.3.1 h1:flRD4NNwYAUpkphVc1HcthR4KEIFJ65n8Mw5qdRn3LE=
github.com/kr/pretty v0.3.1/go.mod h1:hoEshYVHaxMs3cyo3Yncou5ZscifuDolrwPKZanG3xk=
github.com/kr/text v0.2.0 h1:5Nx0Ya0ZqY2ygV366QzturHI13Jq95ApcVaJBhpS+AY=
github.com/kr/text v0.2.0/go.mod h1:eLer722TekiGuMkidMxC/pM04lWEeraHUUmBw8l2grE=
github.com/kylelemons/godebug v1.1.0 h1:RPNrshWIDI6G2gRW9EHilWtl7Z6Sb1BR0xunSBf0SNc=
github.com/kylelemons/godebug v1.1.0/go.mod h1:9/0rRGxNHcop5bhtWyNeEfOS8JIWk580+fNqagV/RAw=
github.com/munnerz/goautoneg v0.0.0-20191010083416-a7dc8b61c822 h1:C3w9PqII01/Oq1c1nUAm88MOHcQC9l5mIlSMApZMrHA=
github.com/munnerz/goautoneg v0.0.0-20191010083416-a7dc8b61c822/go.mod h1:+n7T8mK8HuQTcFwEeznm/DIxMOiR9yIdICNftLE1DvQ=
github.com/pkg/errors v0.9.1 h1:FEBLx1zS214owpjy7qsBeixbURkuhQAwrK5UwLGTwt4=
github.com/pkg/errors v0.9.1/go.mod h1:bwawxfHBFNV+L2hUp1rHADufV3IMtnDRdf1r5NINEl0=
github.com/pmezard/go-difflib v1.0.1-0.20181226105442-5d4384ee4fb2 h1:Jamvg5psRIccs7FGNTlIRMkT8wgtp5eCXdBlqhYGL6U=
github.com/pmezard/go-difflib v1.0.1-0.20181226105442-5d4384ee4fb2/go.mod h1:iKH77koFhYxTK1pcRnkKkqfTogsbg7gZNVY4sRDYZ/4=
github.com/prometheus/client_golang v1.24.1 h1:JnJkREXzWxUdCuPFpIWZiPispT9xVV59uiuyR2bPlnU=
github.com/prometheus/client_golang v1.24.1/go.mod h1:F+oSRECHg4sse5ucfYpYDeIv/hu68Zo0uoHKetWnzcE=
github.com/prometheus/client_model v0.6.2 h1:oBsgwpGs7iVziMvrGhE53c/GrLUsZdHnqNwqPLxwZyk=
github.com/prometheus/client_model v0.6.2/go.mod h1:y3m2F6Gdpfy6Ut/GBsUqTWZqCUvMVzSfMLjcu6wAwpE=
github.com/prometheus/common v0.70.1 h1:1HvjP4D5oL3t8RsPlwxA9onvvStjtIHYE5XuuwOi/PY=
github.com/prometheus/common v0.70.1/go.mod h1:VdFUQDMZK3VLkurFUVhia6uys/0suUp86TJz5qbJRhc=
github.com/prometheus/procfs v0.21.1 h1:GljZCt+zSTS+NZq88cyQ1LjZ+RCHp3uVuabBWA5+OJI=
github.com/prometheus/procfs v0.21.1/go.mod h1:aB55Cww9pdSJVHk0hUf0inxWyyjPogFIjmHKYgMKmtY=
github.com/rogpeppe/go-internal v1.14.1 h1:UQB4HGPB6osV0SQTLymcB4TgvyWu6ZyliaW0tI/otEQ=
github.com/rogpeppe/go-internal v1.14.1/go.mod h1:MaRKkUm5W0goXpeCfT7UZI6fk/L7L7so1lCWt35ZSgc=
github.com/rs/cors v1.11.1 h1:eU3gRzXLRK57F5rKMGMZURNdIG4EoAmX8k94r9wXWHA=
github.com/rs/cors v1.11.1/go.mod h1:XyqrcTp5zjWr1wsJ8PIRZssZ8b/WMcMf71DJnit4EMU=
github.com/stretchr/testify v1.11.1 h1:7s2iGBzp5EwR7/aIZr8ao5+dra3wiQyKjjFuvgVKu7U=
github.com/stretchr/testify v1.11.1/go.mod h1:wZwfW3scLgRK+23gO65QZefKpKQRnfz6sD981Nm4B6U=
go.etcd.io/etcd/api/v3 v3.7.1 h1:KJG0/DcWGfe3Y1otDf/fsBf0TSSgpxZ5RO/L8SFt73E=
go.etcd.io/etcd/api/v3 v3.7.1/go.mod h1:8bXIpCMeV7E3/XL0Ix123ATn3dB+0V7d9zklHbB0m78=
go.etcd.io/etcd/client/pkg/v3 v3.7.1 h1:rKYsj3pRkR0eK3yjT3XOgrhqfmIfj9pzNgxjh7mfFv4=
go.etcd.io/etcd/client/pkg/v3 v3.7.1/go.mod h1:cnzZGIUzSfjEwLC6UBVsSXlEK1eepS/JUD7wE6PLRT0=
go.etcd.io/etcd/client/v3 v3.7.1 h1:0PEMMC0KuZmVIN+RAbdqfkZ45pYTgKVtmBEbRCvZFUg=
go.etcd.io/etcd/client/v3 v3.7.1/go.mod h1:ffNqALa8tRCYhYo1F9oR489y23K39Gz+BSR3ApAGYq0=
go.opentelemetry.io/auto/sdk v1.2.1 h1:jXsnJ4Lmnqd11kwkBV2LgLoFMZKizbCi5fNZ/ipaZ64=
go.opentelemetry.io/auto/sdk v1.2.1/go.mod h1:KRTj+aOaElaLi+wW1kO/DZRXwkF4C5xPbEe3ZiIhN7Y=
go.opentelemetry.io/otel v1.43.0 h1:mYIM03dnh5zfN7HautFE4ieIig9amkNANT+xcVxAj9I=
go.opentelemetry.io/otel v1.43.0/go.mod h1:JuG+u74mvjvcm8vj8pI5XiHy1zDeoCS2LB1spIq7Ay0=
go.opentelemetry.io/otel/metric v1.43.0 h1:d7638QeInOnuwOONPp4JAOGfbCEpYb+K6DVWvdxGzgM=
go.opentelemetry.io/otel/metric v1.43.0/go.mod h1:RDnPtIxvqlgO8GRW18W6Z/4P462ldprJtfxHxyKd2PY=
go.opentelemetry.io/otel/sdk v1.43.0 h1:pi5mE86i5rTeLXqoF/hhiBtUNcrAGHLKQdhg4h4V9Dg=
go.opentelemetry.io/otel/sdk v1.43.0/go.mod h1:P+IkVU3iWukmiit/Yf9AWvpyRDlUeBaRg6Y+C58QHzg=
go.opentelemetry.io/otel/sdk/metric v1.43.0 h1:S88dyqXjJkuBNLeMcVPRFXpRw2fuwdvfCGLEo89fDkw=
go.opentelemetry.io/otel/sdk/metric v1.43.0/go.mod h1:C/RJtwSEJ5hzTiUz5pXF1kILHStzb9zFlIEe85bhj6A=
go.opentelemetry.io/otel/trace v1.43.0 h1:BkNrHpup+4k4w+ZZ86CZoHHEkohws8AY+WTX09nk+3A=
go.opentelemetry.io/otel/trace v1.43.0/go.mod h1:/QJhyVBUUswCphDVxq+8mld+AvhXZLhe+8WVFxiFff0=
go.uber.org/goleak v1.3.0 h1:2K3zAYmnTNqV73imy9J1T3WC+gmCePx2hEGkimedGto=
go.uber.org/goleak v1.3.0/go.mod h1:CoHD4mav9JJNrW/WLlf7HGZPjdw8EucARQHekz1X6bE=
go.uber.org/multierr v1.11.0 h1:blXXJkSxSSfBVBlC76pxqeO+LN3aDfLQo+309xJstO0=
go.uber.org/multierr v1.11.0/go.mod h1:20+QtiLqy0Nd6FdQB9TLXag12DsQkrbs3htMFfDN80Y=
go.uber.org/zap v1.27.1 h1:08RqriUEv8+ArZRYSTXy1LeBScaMpVSTBhCeaZYfMYc=
go.uber.org/zap v1.27.1/go.mod h1:GB2qFLM7cTU87MWRP2mPIjqfIDnGu+VIO4V/SdhGo2E=
go.yaml.in/yaml/v2 v2.4.4 h1:tuyd0P+2Ont/d6e2rl3be67goVK4R6deVxCUX5vyPaQ=
go.yaml.in/yaml/v2 v2.4.4/go.mod h1:gMZqIpDtDqOfM0uNfy0SkpRhvUryYH0Z6wdMYcacYXQ=
golang.org/x/exp/typeparams v0.0.0-20231108232855-2478ac86f678 h1:1P7xPZEwZMoBoz0Yze5Nx2/4pxj6nw9ZqHWXqP0iRgQ=
golang.org/x/exp/typeparams v0.0.0-20231108232855-2478ac86f678/go.mod h1:AbB0pIl9nAr9wVwH+Z2ZpaocVmF5I4GyWCDIsVjR0bk=
golang.org/x/mod v0.37.0 h1:vF1DjpVEshcIqoEaauuHebaLk1O1forxjxBaVn884JQ=
golang.org/x/mod v0.37.0/go.mod h1:m8S8VeM9r4dzDwjrKO0a1sZP3YjeMamRRlD+fmR2Q/0=
golang.org/x/net v0.57.0 h1:K5+3DljvIuDG9/Jv9rvyMywYNFCQ9RSUY6OOTTkT+tE=
golang.org/x/net v0.57.0/go.mod h1:KpXc8iv+r3XplLAG/f7Jsf9RPszJzdR0f58q9vGOuEU=
golang.org/x/sync v0.22.0 h1:SZjpbeLmrCk4xhRSZFNZW5gFUeCeFgjekvI/+gfScek=
golang.org/x/sync v0.22.0/go.mod h1:9xrNwdLfx4jkKbNva9FpL6vEN7evnE43NNNJQ2LF3+0=
golang.org/x/sys v0.47.0 h1:o7XGOvZQCADBQQ4Y7VNq2dRWQR7JmOUW8Kxx4ZsNgWs=
golang.org/x/sys v0.47.0/go.mod h1:4GL1E5IUh+htKOUEOaiffhrAeqysfVGipDYzABqnCmw=
golang.org/x/text v0.40.0 h1:Ub2Z6/xjgF1WrYQz2nuITOEegKFtiIy+rieRJ5lHZKs=
golang.org/x/text v0.40.0/go.mod h1:hpnzDAfGV753zIKo+wk3u1bVKCGPbrnF7+7LBF/UHVY=
golang.org/x/tools v0.47.0 h1:7Kn5x/d1svx/PzryTsqeoZN4TZwqeH5pGWjefhLi/1Q=
golang.org/x/tools v0.47.0/go.mod h1:dFHnyTvFWY212G+h7ZY4Vsp/K3U4/7W9TyVaAul8uCA=
golang.org/x/tools/go/expect v0.1.1-deprecated h1:jpBZDwmgPhXsKZC6WhL20P4b/wmnpsEAGHaNy0n/rJM=
golang.org/x/tools/go/expect v0.1.1-deprecated/go.mod h1:eihoPOH+FgIqa3FpoTwguz/bVUSGBlGQU67vpBeOrBY=
gonum.org/v1/gonum v0.17.0 h1:VbpOemQlsSMrYmn7T2OUvQ4dqxQXU+ouZFQsZOx50z4=
gonum.org/v1/gonum v0.17.0/go.mod h1:El3tOrEuMpv2UdMrbNlKEh9vd86bmQ6vqIcDwxEOc1E=
google.golang.org/genproto/googleapis/api v0.0.0-20260414002931-afd174a4e478 h1:yQugLulqltosq0B/f8l4w9VryjV+N/5gcW0jQ3N8Qec=
google.golang.org/genproto/googleapis/api v0.0.0-20260414002931-afd174a4e478/go.mod h1:C6ADNqOxbgdUUeRTU+LCHDPB9ttAMCTff6auwCVa4uc=
google.golang.org/genproto/googleapis/rpc v0.0.0-20260414002931-afd174a4e478 h1:RmoJA1ujG+/lRGNfUnOMfhCy5EipVMyvUE+KNbPbTlw=
google.golang.org/genproto/googleapis/rpc v0.0.0-20260414002931-afd174a4e478/go.mod h1:4Hqkh8ycfw05ld/3BWL7rJOSfebL2Q+DVDeRgYgxUU8=
google.golang.org/grpc v1.82.1 h1:NnAxzGRA0677vCa4BUkOAnO5+FfQqVl9iUXeD0IqcGE=
google.golang.org/grpc v1.82.1/go.mod h1:yzTZ1TB1Z3SG+LIYaI+WiE8D5+PZ3ArnrSp8zF3+/ZA=
google.golang.org/protobuf v1.36.11 h1:fV6ZwhNocDyBLK0dj+fg8ektcVegBBuEolpbTQyBNVE=
google.golang.org/protobuf v1.36.11/go.mod h1:HTf+CrKn2C3g5S8VImy6tdcUvCska2kB7j23XfzDpco=
gopkg.in/check.v1 v0.0.0-20161208181325-20d25e280405/go.mod h1:Co6ibVJAznAaIkqp8huTwlJQCZ016jof/cbN4VW5Yz0=
gopkg.in/check.v1 v1.0.0-20201130134442-10cb98267c6c h1:Hei/4ADfdWqJk1ZMxUNpqntNwaWcugrBjAiHlqqRiVk=
gopkg.in/check.v1 v1.0.0-20201130134442-10cb98267c6c/go.mod h1:JHkPIbrfpd72SG/EVd6muEfDQjcINNoR0C8j2r3qZ4Q=
gopkg.in/yaml.v3 v3.0.1 h1:fxVm/GzAzEWqLHuvctI91KS9hhNmmWOoWu0XTYJS7CA=
gopkg.in/yaml.v3 v3.0.1/go.mod h1:K4uyk7z7BCEPqu6E+C64Yfv1cQ7kz7rIZviUmN+EgEM=
honnef.co/go/tools v0.7.0 h1:w6WUp1VbkqPEgLz4rkBzH/CSU6HkoqNLp6GstyTx3lU=
honnef.co/go/tools v0.7.0/go.mod h1:pm29oPxeP3P82ISxZDgIYeOaf9ta6Pi0EWvCFoLG2vc=
